{
    "_readme": [
        "This file locks the dependencies of your project to a known state",
        "Read more about it at https://getcomposer.org/doc/01-basic-usage.md#installing-dependencies",
        "This file is @generated automatically"
    ],
    "content-hash": "557c5bd6e5bbedf1fe734e597df43ec1",
    "packages": [
        {
            "name": "netherphp/object",
            "version": "v3.0.8",
            "source": {
                "type": "git",
                "url": "https://github.com/netherphp/object.git",
                "reference": "084eaad8512e3b100876109b47eb57c5aa83f613"
            },
            "dist": {
                "type": "zip",
                "url": "https://api.github.com/repos/netherphp/object/zipball/084eaad8512e3b100876109b47eb57c5aa83f613",
                "reference": "084eaad8512e3b100876109b47eb57c5aa83f613",
                "shasum": ""
            },
            "require": {
                "php": ">=7.1.0"
            },
            "require-dev": {
                "netherphp/standards": "~0.1.0"
            },
            "type": "library",
            "autoload": {
                "psr-0": {
                    "Nether\\": "src/"
                }
            },
            "notification-url": "https://packagist.org/downloads/",
            "license": [
                "BSD-2-Clause"
            ],
            "authors": [
                {
                    "name": "Bob Majdak Jr",
                    "email": "bmajdak@php.net",
                    "homepage": "http://twitter.com/bobmagicii",
                    "role": "developer"
                }
            ],
            "description": "A little object builder.",
            "keywords": [
                "object",
                "php"
            ],
            "time": "2020-05-25T18:33:05+00:00"
        },
        {
            "name": "netherphp/option",
            "version": "v1.0.0",
            "source": {
                "type": "git",
                "url": "https://github.com/netherphp/option.git",
                "reference": "ea38f8fdd80e8cb55605f44380de430b9c0d0c95"
            },
            "dist": {
                "type": "zip",
                "url": "https://api.github.com/repos/netherphp/option/zipball/ea38f8fdd80e8cb55605f44380de430b9c0d0c95",
                "reference": "ea38f8fdd80e8cb55605f44380de430b9c0d0c95",
                "shasum": ""
            },
            "require": {
                "php": ">=5.4.0"
            },
            "type": "library",
            "autoload": {
                "psr-0": {
                    "Nether\\": "src/"
                }
            },
            "notification-url": "https://packagist.org/downloads/",
            "license": [
                "BSD-2-Clause"
            ],
            "authors": [
                {
                    "name": "Bob Majdak Jr",
                    "email": "bob@majdak.net",
                    "homepage": "http://majdak.net",
                    "role": "developer"
                }
            ],
            "description": "A global settings manager",
            "keywords": [
                "options",
                "php"
            ],
            "time": "2014-03-22T17:46:59+00:00"
        }
    ],
    "packages-dev": [
        {
            "name": "netherphp/standards",
            "version": "v0.1.9",
            "source": {
                "type": "git",
                "url": "https://github.com/netherphp/standards.git",
                "reference": "50967dba60b79d79300fe0979440fc0bde0d1579"
            },
            "dist": {
                "type": "zip",
                "url": "https://api.github.com/repos/netherphp/standards/zipball/50967dba60b79d79300fe0979440fc0bde0d1579",
                "reference": "50967dba60b79d79300fe0979440fc0bde0d1579",
                "shasum": ""
            },
            "require": {
                "squizlabs/php_codesniffer": "^3.5"
            },
            "bin": [
                "bin/nethercs",
                "bin/nethercbf"
            ],
            "type": "phpcodesniffer-standard",
            "notification-url": "https://packagist.org/downloads/",
            "license": [
                "BSD-3-Clause"
            ],
            "authors": [
                {
                    "name": "Bob Majdak Jr",
                    "email": "bmajdak@php.net",
                    "homepage": "http://twitter.com/bobmagicii",
                    "role": "developer"
                }
            ],
            "description": "Documentation and PHPCS Standard for Nether Notation",
            "keywords": [
                "coding-standard",
                "nether",
                "phpcbf",
                "phpcodesniffer-standard",
                "phpcs"
            ],
            "time": "2020-05-22T18:33:17+00:00"
        },
        {
            "name": "squizlabs/php_codesniffer",
            "version": "3.5.5",
            "source": {
                "type": "git",
                "url": "https://github.com/squizlabs/PHP_CodeSniffer.git",
                "reference": "73e2e7f57d958e7228fce50dc0c61f58f017f9f6"
            },
            "dist": {
                "type": "zip",
                "url": "https://api.github.com/repos/squizlabs/PHP_CodeSniffer/zipball/73e2e7f57d958e7228fce50dc0c61f58f017f9f6",
                "reference": "73e2e7f57d958e7228fce50dc0c61f58f017f9f6",
                "shasum": ""
            },
            "require": {
                "ext-simplexml": "*",
                "ext-tokenizer": "*",
                "ext-xmlwriter": "*",
                "php": ">=5.4.0"
            },
            "require-dev": {
                "phpunit/phpunit": "^4.0 || ^5.0 || ^6.0 || ^7.0"
            },
            "bin": [
                "bin/phpcs",
                "bin/phpcbf"
            ],
            "type": "library",
            "extra": {
                "branch-alias": {
                    "dev-master": "3.x-dev"
                }
            },
            "notification-url": "https://packagist.org/downloads/",
            "license": [
                "BSD-3-Clause"
            ],
            "authors": [
                {
                    "name": "Greg Sherwood",
                    "role": "lead"
                }
            ],
            "description": "PHP_CodeSniffer tokenizes PHP, JavaScript and CSS files and detects violations of a defined set of coding standards.",
            "homepage": "https://github.com/squizlabs/PHP_CodeSniffer",
            "keywords": [
                "phpcs",
                "standards"
            ],
            "time": "2020-04-17T01:09:41+00:00"
        }
    ],
    "aliases": [],
    "minimum-stability": "stable",
    "stability-flags": [],
    "prefer-stable": false,
    "prefer-lowest": false,
    "platform": [],
    "platform-dev": [],
    "plugin-api-version": "1.1.0"
}
